
Microsoft Visual Studio Solution File, Format Version 12.00
# Visual Studio 2013
VisualStudioVersion = 12.0.30501.0
MinimumVisualStudioVersion = 10.0.40219.1
Project("{FAE04EC0-301F-11D3-BF4B-00C04F79EFBC}") = "XamarinTricountLike", "XamarinTricountLike\XamarinTricountLike\XamarinTricountLike.csproj", "{E2483B39-F05E-488D-972D-36E09EF497F4}"
EndProject
Project("{FAE04EC0-301F-11D3-BF4B-00C04F79EFBC}") = "XamarinTricountLike.iOS", "XamarinTricountLike\XamarinTricountLike.iOS\XamarinTricountLike.iOS.csproj", "{B764A8DA-B343-4029-9B7A-B64984120B50}"
EndProject
Project("{FAE04EC0-301F-11D3-BF4B-00C04F79EFBC}") = "XamarinTricountLike.Droid", "XamarinTricountLike\XamarinTricountLike.Droid\XamarinTricountLike.Droid.csproj", "{895A6251-E8CA-42DE-BF56-F35DD86097CE}"
EndProject
Project("{FAE04EC0-301F-11D3-BF4B-00C04F79EFBC}") = "XamarinTricountLike.WinPhone", "XamarinTricountLike\XamarinTricountLike.WinPhone\XamarinTricountLike.WinPhone.csproj", "{90A4EA6D-94FA-47A8-92F6-D1814012F9E7}"
EndProject
Global
	GlobalSection(SolutionConfigurationPlatforms) = preSolution
		Ad-Hoc|Any CPU = Ad-Hoc|Any CPU
		Ad-Hoc|ARM = Ad-Hoc|ARM
		Ad-Hoc|iPhone = Ad-Hoc|iPhone
		Ad-Hoc|iPhoneSimulator = Ad-Hoc|iPhoneSimulator
		Ad-Hoc|Mixed Platforms = Ad-Hoc|Mixed Platforms
		Ad-Hoc|x86 = Ad-Hoc|x86
		AppStore|Any CPU = AppStore|Any CPU
		AppStore|ARM = AppStore|ARM
		AppStore|iPhone = AppStore|iPhone
		AppStore|iPhoneSimulator = AppStore|iPhoneSimulator
		AppStore|Mixed Platforms = AppStore|Mixed Platforms
		AppStore|x86 = AppStore|x86
		Debug|Any CPU = Debug|Any CPU
		Debug|ARM = Debug|ARM
		Debug|iPhone = Debug|iPhone
		Debug|iPhoneSimulator = Debug|iPhoneSimulator
		Debug|Mixed Platforms = Debug|Mixed Platforms
		Debug|x86 = Debug|x86
		Release|Any CPU = Release|Any CPU
		Release|ARM = Release|ARM
		Release|iPhone = Release|iPhone
		Release|iPhoneSimulator = Release|iPhoneSimulator
		Release|Mixed Platforms = Release|Mixed Platforms
		Release|x86 = Release|x86
	EndGlobalSection
	GlobalSection(ProjectConfigurationPlatforms) = postSolution
		{E2483B39-F05E-488D-972D-36E09EF497F4}.Ad-Hoc|Any CPU.ActiveCfg = Release|Any CPU
		{E2483B39-F05E-488D-972D-36E09EF497F4}.Ad-Hoc|Any CPU.Build.0 = Release|Any CPU
		{E2483B39-F05E-488D-972D-36E09EF497F4}.Ad-Hoc|ARM.ActiveCfg = Release|Any CPU
		{E2483B39-F05E-488D-972D-36E09EF497F4}.Ad-Hoc|iPhone.ActiveCfg = Release|Any CPU
		{E2483B39-F05E-488D-972D-36E09EF497F4}.Ad-Hoc|iPhoneSimulator.ActiveCfg = Release|Any CPU
		{E2483B39-F05E-488D-972D-36E09EF497F4}.Ad-Hoc|Mixed Platforms.ActiveCfg = Release|Any CPU
		{E2483B39-F05E-488D-972D-36E09EF497F4}.Ad-Hoc|Mixed Platforms.Build.0 = Release|Any CPU
		{E2483B39-F05E-488D-972D-36E09EF497F4}.Ad-Hoc|x86.ActiveCfg = Release|Any CPU
		{E2483B39-F05E-488D-972D-36E09EF497F4}.AppStore|Any CPU.ActiveCfg = Release|Any CPU
		{E2483B39-F05E-488D-972D-36E09EF497F4}.AppStore|Any CPU.Build.0 = Release|Any CPU
		{E2483B39-F05E-488D-972D-36E09EF497F4}.AppStore|ARM.ActiveCfg = Release|Any CPU
		{E2483B39-F05E-488D-972D-36E09EF497F4}.AppStore|iPhone.ActiveCfg = Release|Any CPU
		{E2483B39-F05E-488D-972D-36E09EF497F4}.AppStore|iPhoneSimulator.ActiveCfg = Release|Any CPU
		{E2483B39-F05E-488D-972D-36E09EF497F4}.AppStore|Mixed Platforms.ActiveCfg = Release|Any CPU
		{E2483B39-F05E-488D-972D-36E09EF497F4}.AppStore|Mixed Platforms.Build.0 = Release|Any CPU
		{E2483B39-F05E-488D-972D-36E09EF497F4}.AppStore|x86.ActiveCfg = Release|Any CPU
		{E2483B39-F05E-488D-972D-36E09EF497F4}.Debug|Any CPU.ActiveCfg = Debug|Any CPU
		{E2483B39-F05E-488D-972D-36E09EF497F4}.Debug|Any CPU.Build.0 = Debug|Any CPU
		{E2483B39-F05E-488D-972D-36E09EF497F4}.Debug|ARM.ActiveCfg = Debug|Any CPU
		{E2483B39-F05E-488D-972D-36E09EF497F4}.Debug|iPhone.ActiveCfg = Debug|Any CPU
		{E2483B39-F05E-488D-972D-36E09EF497F4}.Debug|iPhoneSimulator.ActiveCfg = Debug|Any CPU
		{E2483B39-F05E-488D-972D-36E09EF497F4}.Debug|iPhoneSimulator.Build.0 = Debug|Any CPU
		{E2483B39-F05E-488D-972D-36E09EF497F4}.Debug|Mixed Platforms.ActiveCfg = Debug|Any CPU
		{E2483B39-F05E-488D-972D-36E09EF497F4}.Debug|Mixed Platforms.Build.0 = Debug|Any CPU
		{E2483B39-F05E-488D-972D-36E09EF497F4}.Debug|x86.ActiveCfg = Debug|Any CPU
		{E2483B39-F05E-488D-972D-36E09EF497F4}.Release|Any CPU.ActiveCfg = Release|Any CPU
		{E2483B39-F05E-488D-972D-36E09EF497F4}.Release|Any CPU.Build.0 = Release|Any CPU
		{E2483B39-F05E-488D-972D-36E09EF497F4}.Release|ARM.ActiveCfg = Release|Any CPU
		{E2483B39-F05E-488D-972D-36E09EF497F4}.Release|iPhone.ActiveCfg = Release|Any CPU
		{E2483B39-F05E-488D-972D-36E09EF497F4}.Release|iPhoneSimulator.ActiveCfg = Release|Any CPU
		{E2483B39-F05E-488D-972D-36E09EF497F4}.Release|Mixed Platforms.ActiveCfg = Release|Any CPU
		{E2483B39-F05E-488D-972D-36E09EF497F4}.Release|Mixed Platforms.Build.0 = Release|Any CPU
		{E2483B39-F05E-488D-972D-36E09EF497F4}.Release|x86.ActiveCfg = Release|Any CPU
		{B764A8DA-B343-4029-9B7A-B64984120B50}.Ad-Hoc|Any CPU.ActiveCfg = Ad-Hoc|iPhone
		{B764A8DA-B343-4029-9B7A-B64984120B50}.Ad-Hoc|ARM.ActiveCfg = Ad-Hoc|iPhone
		{B764A8DA-B343-4029-9B7A-B64984120B50}.Ad-Hoc|iPhone.ActiveCfg = Ad-Hoc|iPhone
		{B764A8DA-B343-4029-9B7A-B64984120B50}.Ad-Hoc|iPhone.Build.0 = Ad-Hoc|iPhone
		{B764A8DA-B343-4029-9B7A-B64984120B50}.Ad-Hoc|iPhoneSimulator.ActiveCfg = Ad-Hoc|iPhoneSimulator
		{B764A8DA-B343-4029-9B7A-B64984120B50}.Ad-Hoc|iPhoneSimulator.Build.0 = Ad-Hoc|iPhoneSimulator
		{B764A8DA-B343-4029-9B7A-B64984120B50}.Ad-Hoc|Mixed Platforms.ActiveCfg = Ad-Hoc|iPhone
		{B764A8DA-B343-4029-9B7A-B64984120B50}.Ad-Hoc|Mixed Platforms.Build.0 = Ad-Hoc|iPhone
		{B764A8DA-B343-4029-9B7A-B64984120B50}.Ad-Hoc|x86.ActiveCfg = Ad-Hoc|iPhone
		{B764A8DA-B343-4029-9B7A-B64984120B50}.AppStore|Any CPU.ActiveCfg = AppStore|iPhone
		{B764A8DA-B343-4029-9B7A-B64984120B50}.AppStore|ARM.ActiveCfg = AppStore|iPhone
		{B764A8DA-B343-4029-9B7A-B64984120B50}.AppStore|iPhone.ActiveCfg = AppStore|iPhone
		{B764A8DA-B343-4029-9B7A-B64984120B50}.AppStore|iPhone.Build.0 = AppStore|iPhone
		{B764A8DA-B343-4029-9B7A-B64984120B50}.AppStore|iPhoneSimulator.ActiveCfg = AppStore|iPhoneSimulator
		{B764A8DA-B343-4029-9B7A-B64984120B50}.AppStore|iPhoneSimulator.Build.0 = AppStore|iPhoneSimulator
		{B764A8DA-B343-4029-9B7A-B64984120B50}.AppStore|Mixed Platforms.ActiveCfg = AppStore|iPhone
		{B764A8DA-B343-4029-9B7A-B64984120B50}.AppStore|Mixed Platforms.Build.0 = AppStore|iPhone
		{B764A8DA-B343-4029-9B7A-B64984120B50}.AppStore|x86.ActiveCfg = AppStore|iPhone
		{B764A8DA-B343-4029-9B7A-B64984120B50}.Debug|Any CPU.ActiveCfg = Debug|iPhone
		{B764A8DA-B343-4029-9B7A-B64984120B50}.Debug|ARM.ActiveCfg = Debug|iPhone
		{B764A8DA-B343-4029-9B7A-B64984120B50}.Debug|iPhone.ActiveCfg = Debug|iPhone
		{B764A8DA-B343-4029-9B7A-B64984120B50}.Debug|iPhone.Build.0 = Debug|iPhone
		{B764A8DA-B343-4029-9B7A-B64984120B50}.Debug|iPhoneSimulator.ActiveCfg = Debug|iPhoneSimulator
		{B764A8DA-B343-4029-9B7A-B64984120B50}.Debug|iPhoneSimulator.Build.0 = Debug|iPhoneSimulator
		{B764A8DA-B343-4029-9B7A-B64984120B50}.Debug|Mixed Platforms.ActiveCfg = Debug|iPhone
		{B764A8DA-B343-4029-9B7A-B64984120B50}.Debug|Mixed Platforms.Build.0 = Debug|iPhone
		{B764A8DA-B343-4029-9B7A-B64984120B50}.Debug|x86.ActiveCfg = Debug|iPhone
		{B764A8DA-B343-4029-9B7A-B64984120B50}.Release|Any CPU.ActiveCfg = Release|iPhone
		{B764A8DA-B343-4029-9B7A-B64984120B50}.Release|ARM.ActiveCfg = Release|iPhone
		{B764A8DA-B343-4029-9B7A-B64984120B50}.Release|iPhone.ActiveCfg = Release|iPhone
		{B764A8DA-B343-4029-9B7A-B64984120B50}.Release|iPhone.Build.0 = Release|iPhone
		{B764A8DA-B343-4029-9B7A-B64984120B50}.Release|iPhoneSimulator.ActiveCfg = Release|iPhoneSimulator
		{B764A8DA-B343-4029-9B7A-B64984120B50}.Release|iPhoneSimulator.Build.0 = Release|iPhoneSimulator
		{B764A8DA-B343-4029-9B7A-B64984120B50}.Release|Mixed Platforms.ActiveCfg = Release|iPhone
		{B764A8DA-B343-4029-9B7A-B64984120B50}.Release|Mixed Platforms.Build.0 = Release|iPhone
		{B764A8DA-B343-4029-9B7A-B64984120B50}.Release|x86.ActiveCfg = Release|iPhone
		{895A6251-E8CA-42DE-BF56-F35DD86097CE}.Ad-Hoc|Any CPU.ActiveCfg = Release|Any CPU
		{895A6251-E8CA-42DE-BF56-F35DD86097CE}.Ad-Hoc|Any CPU.Build.0 = Release|Any CPU
		{895A6251-E8CA-42DE-BF56-F35DD86097CE}.Ad-Hoc|Any CPU.Deploy.0 = Release|Any CPU
		{895A6251-E8CA-42DE-BF56-F35DD86097CE}.Ad-Hoc|ARM.ActiveCfg = Release|Any CPU
		{895A6251-E8CA-42DE-BF56-F35DD86097CE}.Ad-Hoc|iPhone.ActiveCfg = Release|Any CPU
		{895A6251-E8CA-42DE-BF56-F35DD86097CE}.Ad-Hoc|iPhoneSimulator.ActiveCfg = Release|Any CPU
		{895A6251-E8CA-42DE-BF56-F35DD86097CE}.Ad-Hoc|Mixed Platforms.ActiveCfg = Release|Any CPU
		{895A6251-E8CA-42DE-BF56-F35DD86097CE}.Ad-Hoc|Mixed Platforms.Build.0 = Release|Any CPU
		{895A6251-E8CA-42DE-BF56-F35DD86097CE}.Ad-Hoc|Mixed Platforms.Deploy.0 = Release|Any CPU
		{895A6251-E8CA-42DE-BF56-F35DD86097CE}.Ad-Hoc|x86.ActiveCfg = Release|Any CPU
		{895A6251-E8CA-42DE-BF56-F35DD86097CE}.AppStore|Any CPU.ActiveCfg = Release|Any CPU
		{895A6251-E8CA-42DE-BF56-F35DD86097CE}.AppStore|Any CPU.Build.0 = Release|Any CPU
		{895A6251-E8CA-42DE-BF56-F35DD86097CE}.AppStore|Any CPU.Deploy.0 = Release|Any CPU
		{895A6251-E8CA-42DE-BF56-F35DD86097CE}.AppStore|ARM.ActiveCfg = Release|Any CPU
		{895A6251-E8CA-42DE-BF56-F35DD86097CE}.AppStore|iPhone.ActiveCfg = Release|Any CPU
		{895A6251-E8CA-42DE-BF56-F35DD86097CE}.AppStore|iPhoneSimulator.ActiveCfg = Release|Any CPU
		{895A6251-E8CA-42DE-BF56-F35DD86097CE}.AppStore|Mixed Platforms.ActiveCfg = Release|Any CPU
		{895A6251-E8CA-42DE-BF56-F35DD86097CE}.AppStore|Mixed Platforms.Build.0 = Release|Any CPU
		{895A6251-E8CA-42DE-BF56-F35DD86097CE}.AppStore|Mixed Platforms.Deploy.0 = Release|Any CPU
		{895A6251-E8CA-42DE-BF56-F35DD86097CE}.AppStore|x86.ActiveCfg = Release|Any CPU
		{895A6251-E8CA-42DE-BF56-F35DD86097CE}.Debug|Any CPU.ActiveCfg = Debug|Any CPU
		{895A6251-E8CA-42DE-BF56-F35DD86097CE}.Debug|Any CPU.Build.0 = Debug|Any CPU
		{895A6251-E8CA-42DE-BF56-F35DD86097CE}.Debug|Any CPU.Deploy.0 = Debug|Any CPU
		{895A6251-E8CA-42DE-BF56-F35DD86097CE}.Debug|ARM.ActiveCfg = Debug|Any CPU
		{895A6251-E8CA-42DE-BF56-F35DD86097CE}.Debug|iPhone.ActiveCfg = Debug|Any CPU
		{895A6251-E8CA-42DE-BF56-F35DD86097CE}.Debug|iPhoneSimulator.ActiveCfg = Debug|Any CPU
		{895A6251-E8CA-42DE-BF56-F35DD86097CE}.Debug|iPhoneSimulator.Build.0 = Debug|Any CPU
		{895A6251-E8CA-42DE-BF56-F35DD86097CE}.Debug|iPhoneSimulator.Deploy.0 = Debug|Any CPU
		{895A6251-E8CA-42DE-BF56-F35DD86097CE}.Debug|Mixed Platforms.ActiveCfg = Debug|Any CPU
		{895A6251-E8CA-42DE-BF56-F35DD86097CE}.Debug|Mixed Platforms.Build.0 = Debug|Any CPU
		{895A6251-E8CA-42DE-BF56-F35DD86097CE}.Debug|Mixed Platforms.Deploy.0 = Debug|Any CPU
		{895A6251-E8CA-42DE-BF56-F35DD86097CE}.Debug|x86.ActiveCfg = Debug|Any CPU
		{895A6251-E8CA-42DE-BF56-F35DD86097CE}.Release|Any CPU.ActiveCfg = Release|Any CPU
		{895A6251-E8CA-42DE-BF56-F35DD86097CE}.Release|Any CPU.Build.0 = Release|Any CPU
		{895A6251-E8CA-42DE-BF56-F35DD86097CE}.Release|Any CPU.Deploy.0 = Release|Any CPU
		{895A6251-E8CA-42DE-BF56-F35DD86097CE}.Release|ARM.ActiveCfg = Release|Any CPU
		{895A6251-E8CA-42DE-BF56-F35DD86097CE}.Release|iPhone.ActiveCfg = Release|Any CPU
		{895A6251-E8CA-42DE-BF56-F35DD86097CE}.Release|iPhoneSimulator.ActiveCfg = Release|Any CPU
		{895A6251-E8CA-42DE-BF56-F35DD86097CE}.Release|Mixed Platforms.ActiveCfg = Release|Any CPU
		{895A6251-E8CA-42DE-BF56-F35DD86097CE}.Release|Mixed Platforms.Build.0 = Release|Any CPU
		{895A6251-E8CA-42DE-BF56-F35DD86097CE}.Release|Mixed Platforms.Deploy.0 = Release|Any CPU
		{895A6251-E8CA-42DE-BF56-F35DD86097CE}.Release|x86.ActiveCfg = Release|Any CPU
		{90A4EA6D-94FA-47A8-92F6-D1814012F9E7}.Ad-Hoc|Any CPU.ActiveCfg = Release|Any CPU
		{90A4EA6D-94FA-47A8-92F6-D1814012F9E7}.Ad-Hoc|Any CPU.Build.0 = Release|Any CPU
		{90A4EA6D-94FA-47A8-92F6-D1814012F9E7}.Ad-Hoc|Any CPU.Deploy.0 = Release|Any CPU
		{90A4EA6D-94FA-47A8-92F6-D1814012F9E7}.Ad-Hoc|ARM.ActiveCfg = Release|ARM
		{90A4EA6D-94FA-47A8-92F6-D1814012F9E7}.Ad-Hoc|ARM.Build.0 = Release|ARM
		{90A4EA6D-94FA-47A8-92F6-D1814012F9E7}.Ad-Hoc|ARM.Deploy.0 = Release|ARM
		{90A4EA6D-94FA-47A8-92F6-D1814012F9E7}.Ad-Hoc|iPhone.ActiveCfg = Release|Any CPU
		{90A4EA6D-94FA-47A8-92F6-D1814012F9E7}.Ad-Hoc|iPhoneSimulator.ActiveCfg = Release|Any CPU
		{90A4EA6D-94FA-47A8-92F6-D1814012F9E7}.Ad-Hoc|Mixed Platforms.ActiveCfg = Release|x86
		{90A4EA6D-94FA-47A8-92F6-D1814012F9E7}.Ad-Hoc|Mixed Platforms.Build.0 = Release|x86
		{90A4EA6D-94FA-47A8-92F6-D1814012F9E7}.Ad-Hoc|Mixed Platforms.Deploy.0 = Release|x86
		{90A4EA6D-94FA-47A8-92F6-D1814012F9E7}.Ad-Hoc|x86.ActiveCfg = Release|x86
		{90A4EA6D-94FA-47A8-92F6-D1814012F9E7}.Ad-Hoc|x86.Build.0 = Release|x86
		{90A4EA6D-94FA-47A8-92F6-D1814012F9E7}.Ad-Hoc|x86.Deploy.0 = Release|x86
		{90A4EA6D-94FA-47A8-92F6-D1814012F9E7}.AppStore|Any CPU.ActiveCfg = Release|Any CPU
		{90A4EA6D-94FA-47A8-92F6-D1814012F9E7}.AppStore|Any CPU.Build.0 = Release|Any CPU
		{90A4EA6D-94FA-47A8-92F6-D1814012F9E7}.AppStore|Any CPU.Deploy.0 = Release|Any CPU
		{90A4EA6D-94FA-47A8-92F6-D1814012F9E7}.AppStore|ARM.ActiveCfg = Release|ARM
		{90A4EA6D-94FA-47A8-92F6-D1814012F9E7}.AppStore|ARM.Build.0 = Release|ARM
		{90A4EA6D-94FA-47A8-92F6-D1814012F9E7}.AppStore|ARM.Deploy.0 = Release|ARM
		{90A4EA6D-94FA-47A8-92F6-D1814012F9E7}.AppStore|iPhone.ActiveCfg = Release|Any CPU
		{90A4EA6D-94FA-47A8-92F6-D1814012F9E7}.AppStore|iPhoneSimulator.ActiveCfg = Release|Any CPU
		{90A4EA6D-94FA-47A8-92F6-D1814012F9E7}.AppStore|Mixed Platforms.ActiveCfg = Release|x86
		{90A4EA6D-94FA-47A8-92F6-D1814012F9E7}.AppStore|Mixed Platforms.Build.0 = Release|x86
		{90A4EA6D-94FA-47A8-92F6-D1814012F9E7}.AppStore|Mixed Platforms.Deploy.0 = Release|x86
		{90A4EA6D-94FA-47A8-92F6-D1814012F9E7}.AppStore|x86.ActiveCfg = Release|x86
		{90A4EA6D-94FA-47A8-92F6-D1814012F9E7}.AppStore|x86.Build.0 = Release|x86
		{90A4EA6D-94FA-47A8-92F6-D1814012F9E7}.AppStore|x86.Deploy.0 = Release|x86
		{90A4EA6D-94FA-47A8-92F6-D1814012F9E7}.Debug|Any CPU.ActiveCfg = Debug|Any CPU
		{90A4EA6D-94FA-47A8-92F6-D1814012F9E7}.Debug|Any CPU.Build.0 = Debug|Any CPU
		{90A4EA6D-94FA-47A8-92F6-D1814012F9E7}.Debug|Any CPU.Deploy.0 = Debug|Any CPU
		{90A4EA6D-94FA-47A8-92F6-D1814012F9E7}.Debug|ARM.ActiveCfg = Debug|ARM
		{90A4EA6D-94FA-47A8-92F6-D1814012F9E7}.Debug|ARM.Build.0 = Debug|ARM
		{90A4EA6D-94FA-47A8-92F6-D1814012F9E7}.Debug|ARM.Deploy.0 = Debug|ARM
		{90A4EA6D-94FA-47A8-92F6-D1814012F9E7}.Debug|iPhone.ActiveCfg = Debug|Any CPU
		{90A4EA6D-94FA-47A8-92F6-D1814012F9E7}.Debug|iPhoneSimulator.ActiveCfg = Debug|Any CPU
		{90A4EA6D-94FA-47A8-92F6-D1814012F9E7}.Debug|Mixed Platforms.ActiveCfg = Debug|x86
		{90A4EA6D-94FA-47A8-92F6-D1814012F9E7}.Debug|Mixed Platforms.Build.0 = Debug|x86
		{90A4EA6D-94FA-47A8-92F6-D1814012F9E7}.Debug|Mixed Platforms.Deploy.0 = Debug|x86
		{90A4EA6D-94FA-47A8-92F6-D1814012F9E7}.Debug|x86.ActiveCfg = Debug|x86
		{90A4EA6D-94FA-47A8-92F6-D1814012F9E7}.Debug|x86.Build.0 = Debug|x86
		{90A4EA6D-94FA-47A8-92F6-D1814012F9E7}.Debug|x86.Deploy.0 = Debug|x86
		{90A4EA6D-94FA-47A8-92F6-D1814012F9E7}.Release|Any CPU.ActiveCfg = Release|Any CPU
		{90A4EA6D-94FA-47A8-92F6-D1814012F9E7}.Release|Any CPU.Build.0 = Release|Any CPU
		{90A4EA6D-94FA-47A8-92F6-D1814012F9E7}.Release|Any CPU.Deploy.0 = Release|Any CPU
		{90A4EA6D-94FA-47A8-92F6-D1814012F9E7}.Release|ARM.ActiveCfg = Release|ARM
		{90A4EA6D-94FA-47A8-92F6-D1814012F9E7}.Release|ARM.Build.0 = Release|ARM
		{90A4EA6D-94FA-47A8-92F6-D1814012F9E7}.Release|ARM.Deploy.0 = Release|ARM
		{90A4EA6D-94FA-47A8-92F6-D1814012F9E7}.Release|iPhone.ActiveCfg = Release|Any CPU
		{90A4EA6D-94FA-47A8-92F6-D1814012F9E7}.Release|iPhoneSimulator.ActiveCfg = Release|Any CPU
		{90A4EA6D-94FA-47A8-92F6-D1814012F9E7}.Release|Mixed Platforms.ActiveCfg = Release|x86
		{90A4EA6D-94FA-47A8-92F6-D1814012F9E7}.Release|Mixed Platforms.Build.0 = Release|x86
		{90A4EA6D-94FA-47A8-92F6-D1814012F9E7}.Release|Mixed Platforms.Deploy.0 = Release|x86
		{90A4EA6D-94FA-47A8-92F6-D1814012F9E7}.Release|x86.ActiveCfg = Release|x86
		{90A4EA6D-94FA-47A8-92F6-D1814012F9E7}.Release|x86.Build.0 = Release|x86
		{90A4EA6D-94FA-47A8-92F6-D1814012F9E7}.Release|x86.Deploy.0 = Release|x86
	EndGlobalSection
	GlobalSection(SolutionProperties) = preSolution
		HideSolutionNode = FALSE
	EndGlobalSection
EndGlobal
